# This file is generated by running "yarn install" inside your project.
# Manual changes might be lost - proceed with caution!

__metadata:
  version: 8
  cacheKey: 10c0

"@city-activity-ranking/app@workspace:apps/city-activity-ranking":
  version: 0.0.0-use.local
  resolution: "@city-activity-ranking/app@workspace:apps/city-activity-ranking"
  languageName: unknown
  linkType: soft

"@city-activity-ranking/ranking-server@workspace:services/activity-ranking":
  version: 0.0.0-use.local
  resolution: "@city-activity-ranking/ranking-server@workspace:services/activity-ranking"
  languageName: unknown
  linkType: soft

"@city-activity-ranking/root@workspace:.":
  version: 0.0.0-use.local
  resolution: "@city-activity-ranking/root@workspace:."
  languageName: unknown
  linkType: soft
